
Microsoft Visual Studio Solution File, Format Version 12.00
# Visual Studio Version 17
VisualStudioVersion = 17.4.33110.190
MinimumVisualStudioVersion = 10.0.40219.1
Project("{8BC9CEB8-8B4A-11D0-8D11-00A0C91BC942}") = "MagicProject1", "MagicProject1\MagicProject1.vcxproj", "{ACA8566E-7CEF-4BDD-ACD0-D02BECE64342}"
EndProject
Project("{8BC9CEB8-8B4A-11D0-8D11-00A0C91BC942}") = "CatAndMouse", "CatAndMouse\CatAndMouse.vcxproj", "{EBE92072-F4D5-4111-974C-E72D928E236D}"
EndProject
Project("{8BC9CEB8-8B4A-11D0-8D11-00A0C91BC942}") = "MenuStart", "MenuStart\MenuStart.vcxproj", "{201F5E22-21A7-4789-82C4-610FB1EE1DD4}"
EndProject
Project("{8BC9CEB8-8B4A-11D0-8D11-00A0C91BC942}") = "CircleMenu", "CircleMenu\CircleMenu.vcxproj", "{FA3D7E60-53A2-4CBD-AD1E-0E2895C9CAEF}"
EndProject
Project("{8BC9CEB8-8B4A-11D0-8D11-00A0C91BC942}") = "CircleStartPauseReset", "CircleStartPauseReset\CircleStartPauseReset.vcxproj", "{88116E69-86FB-4378-A1A6-530EA56B3F9F}"
EndProject
Project("{8BC9CEB8-8B4A-11D0-8D11-00A0C91BC942}") = "MyFirstModalDialog", "MyFirstModalDialog\MyFirstModalDialog.vcxproj", "{4DD32724-3955-4576-B026-DE1DA0BFE317}"
EndProject
Project("{8BC9CEB8-8B4A-11D0-8D11-00A0C91BC942}") = "SimpleCalc", "SimpleCalc\SimpleCalc.vcxproj", "{825F6DE9-4A43-4690-9858-5D20BE72A575}"
EndProject
Project("{8BC9CEB8-8B4A-11D0-8D11-00A0C91BC942}") = "DrawDialog", "DrawDIalog\DrawDIalog.vcxproj", "{03422AF7-11E9-4D59-B4E0-C1BA9BE586F7}"
EndProject
Project("{8BC9CEB8-8B4A-11D0-8D11-00A0C91BC942}") = "DialogComboList", "DialogComboList\DialogComboList.vcxproj", "{B83F0622-8BCB-44B3-B151-71D2FD1FCA3F}"
EndProject
Project("{8BC9CEB8-8B4A-11D0-8D11-00A0C91BC942}") = "ListBoxUserAdd", "ListBoxUserAdd\ListBoxUserAdd.vcxproj", "{DE763307-3C42-483F-BF9C-3C6D01839FCC}"
EndProject
Project("{8BC9CEB8-8B4A-11D0-8D11-00A0C91BC942}") = "Bitmap", "Bitmap\Bitmap.vcxproj", "{08CC938D-A5B5-4827-B0C9-597DD41EC677}"
EndProject
Project("{8BC9CEB8-8B4A-11D0-8D11-00A0C91BC942}") = "BitmapRepeat", "BitmapRepeat\BitmapRepeat.vcxproj", "{BC7252B2-F6A6-4272-9F99-D56215483BFE}"
EndProject
Project("{8BC9CEB8-8B4A-11D0-8D11-00A0C91BC942}") = "BitmapMask", "BitmapMask\BitmapMask.vcxproj", "{29923807-6253-4514-B4FC-52ECAD06DBF1}"
EndProject
Project("{8BC9CEB8-8B4A-11D0-8D11-00A0C91BC942}") = "DoubleBuf", "DoubleBuf\DoubleBuf.vcxproj", "{4194E7A0-DC48-46CB-8F4A-02B18771AD44}"
EndProject
Project("{8BC9CEB8-8B4A-11D0-8D11-00A0C91BC942}") = "DoubleBufFly", "DoubleBufFly\DoubleBufFly.vcxproj", "{8B475237-43E1-48AA-8193-12B0962638FE}"
EndProject
Global
	GlobalSection(SolutionConfigurationPlatforms) = preSolution
		Debug|x64 = Debug|x64
		Debug|x86 = Debug|x86
		Release|x64 = Release|x64
		Release|x86 = Release|x86
	EndGlobalSection
	GlobalSection(ProjectConfigurationPlatforms) = postSolution
		{ACA8566E-7CEF-4BDD-ACD0-D02BECE64342}.Debug|x64.ActiveCfg = Debug|x64
		{ACA8566E-7CEF-4BDD-ACD0-D02BECE64342}.Debug|x64.Build.0 = Debug|x64
		{ACA8566E-7CEF-4BDD-ACD0-D02BECE64342}.Debug|x86.ActiveCfg = Debug|Win32
		{ACA8566E-7CEF-4BDD-ACD0-D02BECE64342}.Debug|x86.Build.0 = Debug|Win32
		{ACA8566E-7CEF-4BDD-ACD0-D02BECE64342}.Release|x64.ActiveCfg = Release|x64
		{ACA8566E-7CEF-4BDD-ACD0-D02BECE64342}.Release|x64.Build.0 = Release|x64
		{ACA8566E-7CEF-4BDD-ACD0-D02BECE64342}.Release|x86.ActiveCfg = Release|Win32
		{ACA8566E-7CEF-4BDD-ACD0-D02BECE64342}.Release|x86.Build.0 = Release|Win32
		{EBE92072-F4D5-4111-974C-E72D928E236D}.Debug|x64.ActiveCfg = Debug|x64
		{EBE92072-F4D5-4111-974C-E72D928E236D}.Debug|x64.Build.0 = Debug|x64
		{EBE92072-F4D5-4111-974C-E72D928E236D}.Debug|x86.ActiveCfg = Debug|Win32
		{EBE92072-F4D5-4111-974C-E72D928E236D}.Debug|x86.Build.0 = Debug|Win32
		{EBE92072-F4D5-4111-974C-E72D928E236D}.Release|x64.ActiveCfg = Release|x64
		{EBE92072-F4D5-4111-974C-E72D928E236D}.Release|x64.Build.0 = Release|x64
		{EBE92072-F4D5-4111-974C-E72D928E236D}.Release|x86.ActiveCfg = Release|Win32
		{EBE92072-F4D5-4111-974C-E72D928E236D}.Release|x86.Build.0 = Release|Win32
		{201F5E22-21A7-4789-82C4-610FB1EE1DD4}.Debug|x64.ActiveCfg = Debug|x64
		{201F5E22-21A7-4789-82C4-610FB1EE1DD4}.Debug|x64.Build.0 = Debug|x64
		{201F5E22-21A7-4789-82C4-610FB1EE1DD4}.Debug|x86.ActiveCfg = Debug|Win32
		{201F5E22-21A7-4789-82C4-610FB1EE1DD4}.Debug|x86.Build.0 = Debug|Win32
		{201F5E22-21A7-4789-82C4-610FB1EE1DD4}.Release|x64.ActiveCfg = Release|x64
		{201F5E22-21A7-4789-82C4-610FB1EE1DD4}.Release|x64.Build.0 = Release|x64
		{201F5E22-21A7-4789-82C4-610FB1EE1DD4}.Release|x86.ActiveCfg = Release|Win32
		{201F5E22-21A7-4789-82C4-610FB1EE1DD4}.Release|x86.Build.0 = Release|Win32
		{FA3D7E60-53A2-4CBD-AD1E-0E2895C9CAEF}.Debug|x64.ActiveCfg = Debug|x64
		{FA3D7E60-53A2-4CBD-AD1E-0E2895C9CAEF}.Debug|x64.Build.0 = Debug|x64
		{FA3D7E60-53A2-4CBD-AD1E-0E2895C9CAEF}.Debug|x86.ActiveCfg = Debug|Win32
		{FA3D7E60-53A2-4CBD-AD1E-0E2895C9CAEF}.Debug|x86.Build.0 = Debug|Win32
		{FA3D7E60-53A2-4CBD-AD1E-0E2895C9CAEF}.Release|x64.ActiveCfg = Release|x64
		{FA3D7E60-53A2-4CBD-AD1E-0E2895C9CAEF}.Release|x64.Build.0 = Release|x64
		{FA3D7E60-53A2-4CBD-AD1E-0E2895C9CAEF}.Release|x86.ActiveCfg = Release|Win32
		{FA3D7E60-53A2-4CBD-AD1E-0E2895C9CAEF}.Release|x86.Build.0 = Release|Win32
		{88116E69-86FB-4378-A1A6-530EA56B3F9F}.Debug|x64.ActiveCfg = Debug|x64
		{88116E69-86FB-4378-A1A6-530EA56B3F9F}.Debug|x64.Build.0 = Debug|x64
		{88116E69-86FB-4378-A1A6-530EA56B3F9F}.Debug|x86.ActiveCfg = Debug|Win32
		{88116E69-86FB-4378-A1A6-530EA56B3F9F}.Debug|x86.Build.0 = Debug|Win32
		{88116E69-86FB-4378-A1A6-530EA56B3F9F}.Release|x64.ActiveCfg = Release|x64
		{88116E69-86FB-4378-A1A6-530EA56B3F9F}.Release|x64.Build.0 = Release|x64
		{88116E69-86FB-4378-A1A6-530EA56B3F9F}.Release|x86.ActiveCfg = Release|Win32
		{88116E69-86FB-4378-A1A6-530EA56B3F9F}.Release|x86.Build.0 = Release|Win32
		{4DD32724-3955-4576-B026-DE1DA0BFE317}.Debug|x64.ActiveCfg = Debug|x64
		{4DD32724-3955-4576-B026-DE1DA0BFE317}.Debug|x64.Build.0 = Debug|x64
		{4DD32724-3955-4576-B026-DE1DA0BFE317}.Debug|x86.ActiveCfg = Debug|Win32
		{4DD32724-3955-4576-B026-DE1DA0BFE317}.Debug|x86.Build.0 = Debug|Win32
		{4DD32724-3955-4576-B026-DE1DA0BFE317}.Release|x64.ActiveCfg = Release|x64
		{4DD32724-3955-4576-B026-DE1DA0BFE317}.Release|x64.Build.0 = Release|x64
		{4DD32724-3955-4576-B026-DE1DA0BFE317}.Release|x86.ActiveCfg = Release|Win32
		{4DD32724-3955-4576-B026-DE1DA0BFE317}.Release|x86.Build.0 = Release|Win32
		{825F6DE9-4A43-4690-9858-5D20BE72A575}.Debug|x64.ActiveCfg = Debug|x64
		{825F6DE9-4A43-4690-9858-5D20BE72A575}.Debug|x64.Build.0 = Debug|x64
		{825F6DE9-4A43-4690-9858-5D20BE72A575}.Debug|x86.ActiveCfg = Debug|Win32
		{825F6DE9-4A43-4690-9858-5D20BE72A575}.Debug|x86.Build.0 = Debug|Win32
		{825F6DE9-4A43-4690-9858-5D20BE72A575}.Release|x64.ActiveCfg = Release|x64
		{825F6DE9-4A43-4690-9858-5D20BE72A575}.Release|x64.Build.0 = Release|x64
		{825F6DE9-4A43-4690-9858-5D20BE72A575}.Release|x86.ActiveCfg = Release|Win32
		{825F6DE9-4A43-4690-9858-5D20BE72A575}.Release|x86.Build.0 = Release|Win32
		{03422AF7-11E9-4D59-B4E0-C1BA9BE586F7}.Debug|x64.ActiveCfg = Debug|x64
		{03422AF7-11E9-4D59-B4E0-C1BA9BE586F7}.Debug|x64.Build.0 = Debug|x64
		{03422AF7-11E9-4D59-B4E0-C1BA9BE586F7}.Debug|x86.ActiveCfg = Debug|Win32
		{03422AF7-11E9-4D59-B4E0-C1BA9BE586F7}.Debug|x86.Build.0 = Debug|Win32
		{03422AF7-11E9-4D59-B4E0-C1BA9BE586F7}.Release|x64.ActiveCfg = Release|x64
		{03422AF7-11E9-4D59-B4E0-C1BA9BE586F7}.Release|x64.Build.0 = Release|x64
		{03422AF7-11E9-4D59-B4E0-C1BA9BE586F7}.Release|x86.ActiveCfg = Release|Win32
		{03422AF7-11E9-4D59-B4E0-C1BA9BE586F7}.Release|x86.Build.0 = Release|Win32
		{B83F0622-8BCB-44B3-B151-71D2FD1FCA3F}.Debug|x64.ActiveCfg = Debug|x64
		{B83F0622-8BCB-44B3-B151-71D2FD1FCA3F}.Debug|x64.Build.0 = Debug|x64
		{B83F0622-8BCB-44B3-B151-71D2FD1FCA3F}.Debug|x86.ActiveCfg = Debug|Win32
		{B83F0622-8BCB-44B3-B151-71D2FD1FCA3F}.Debug|x86.Build.0 = Debug|Win32
		{B83F0622-8BCB-44B3-B151-71D2FD1FCA3F}.Release|x64.ActiveCfg = Release|x64
		{B83F0622-8BCB-44B3-B151-71D2FD1FCA3F}.Release|x64.Build.0 = Release|x64
		{B83F0622-8BCB-44B3-B151-71D2FD1FCA3F}.Release|x86.ActiveCfg = Release|Win32
		{B83F0622-8BCB-44B3-B151-71D2FD1FCA3F}.Release|x86.Build.0 = Release|Win32
		{DE763307-3C42-483F-BF9C-3C6D01839FCC}.Debug|x64.ActiveCfg = Debug|x64
		{DE763307-3C42-483F-BF9C-3C6D01839FCC}.Debug|x64.Build.0 = Debug|x64
		{DE763307-3C42-483F-BF9C-3C6D01839FCC}.Debug|x86.ActiveCfg = Debug|Win32
		{DE763307-3C42-483F-BF9C-3C6D01839FCC}.Debug|x86.Build.0 = Debug|Win32
		{DE763307-3C42-483F-BF9C-3C6D01839FCC}.Release|x64.ActiveCfg = Release|x64
		{DE763307-3C42-483F-BF9C-3C6D01839FCC}.Release|x64.Build.0 = Release|x64
		{DE763307-3C42-483F-BF9C-3C6D01839FCC}.Release|x86.ActiveCfg = Release|Win32
		{DE763307-3C42-483F-BF9C-3C6D01839FCC}.Release|x86.Build.0 = Release|Win32
		{08CC938D-A5B5-4827-B0C9-597DD41EC677}.Debug|x64.ActiveCfg = Debug|x64
		{08CC938D-A5B5-4827-B0C9-597DD41EC677}.Debug|x64.Build.0 = Debug|x64
		{08CC938D-A5B5-4827-B0C9-597DD41EC677}.Debug|x86.ActiveCfg = Debug|Win32
		{08CC938D-A5B5-4827-B0C9-597DD41EC677}.Debug|x86.Build.0 = Debug|Win32
		{08CC938D-A5B5-4827-B0C9-597DD41EC677}.Release|x64.ActiveCfg = Release|x64
		{08CC938D-A5B5-4827-B0C9-597DD41EC677}.Release|x64.Build.0 = Release|x64
		{08CC938D-A5B5-4827-B0C9-597DD41EC677}.Release|x86.ActiveCfg = Release|Win32
		{08CC938D-A5B5-4827-B0C9-597DD41EC677}.Release|x86.Build.0 = Release|Win32
		{BC7252B2-F6A6-4272-9F99-D56215483BFE}.Debug|x64.ActiveCfg = Debug|x64
		{BC7252B2-F6A6-4272-9F99-D56215483BFE}.Debug|x64.Build.0 = Debug|x64
		{BC7252B2-F6A6-4272-9F99-D56215483BFE}.Debug|x86.ActiveCfg = Debug|Win32
		{BC7252B2-F6A6-4272-9F99-D56215483BFE}.Debug|x86.Build.0 = Debug|Win32
		{BC7252B2-F6A6-4272-9F99-D56215483BFE}.Release|x64.ActiveCfg = Release|x64
		{BC7252B2-F6A6-4272-9F99-D56215483BFE}.Release|x64.Build.0 = Release|x64
		{BC7252B2-F6A6-4272-9F99-D56215483BFE}.Release|x86.ActiveCfg = Release|Win32
		{BC7252B2-F6A6-4272-9F99-D56215483BFE}.Release|x86.Build.0 = Release|Win32
		{29923807-6253-4514-B4FC-52ECAD06DBF1}.Debug|x64.ActiveCfg = Debug|x64
		{29923807-6253-4514-B4FC-52ECAD06DBF1}.Debug|x64.Build.0 = Debug|x64
		{29923807-6253-4514-B4FC-52ECAD06DBF1}.Debug|x86.ActiveCfg = Debug|Win32
		{29923807-6253-4514-B4FC-52ECAD06DBF1}.Debug|x86.Build.0 = Debug|Win32
		{29923807-6253-4514-B4FC-52ECAD06DBF1}.Release|x64.ActiveCfg = Release|x64
		{29923807-6253-4514-B4FC-52ECAD06DBF1}.Release|x64.Build.0 = Release|x64
		{29923807-6253-4514-B4FC-52ECAD06DBF1}.Release|x86.ActiveCfg = Release|Win32
		{29923807-6253-4514-B4FC-52ECAD06DBF1}.Release|x86.Build.0 = Release|Win32
		{4194E7A0-DC48-46CB-8F4A-02B18771AD44}.Debug|x64.ActiveCfg = Debug|x64
		{4194E7A0-DC48-46CB-8F4A-02B18771AD44}.Debug|x64.Build.0 = Debug|x64
		{4194E7A0-DC48-46CB-8F4A-02B18771AD44}.Debug|x86.ActiveCfg = Debug|Win32
		{4194E7A0-DC48-46CB-8F4A-02B18771AD44}.Debug|x86.Build.0 = Debug|Win32
		{4194E7A0-DC48-46CB-8F4A-02B18771AD44}.Release|x64.ActiveCfg = Release|x64
		{4194E7A0-DC48-46CB-8F4A-02B18771AD44}.Release|x64.Build.0 = Release|x64
		{4194E7A0-DC48-46CB-8F4A-02B18771AD44}.Release|x86.ActiveCfg = Release|Win32
		{4194E7A0-DC48-46CB-8F4A-02B18771AD44}.Release|x86.Build.0 = Release|Win32
		{8B475237-43E1-48AA-8193-12B0962638FE}.Debug|x64.ActiveCfg = Debug|x64
		{8B475237-43E1-48AA-8193-12B0962638FE}.Debug|x64.Build.0 = Debug|x64
		{8B475237-43E1-48AA-8193-12B0962638FE}.Debug|x86.ActiveCfg = Debug|Win32
		{8B475237-43E1-48AA-8193-12B0962638FE}.Debug|x86.Build.0 = Debug|Win32
		{8B475237-43E1-48AA-8193-12B0962638FE}.Release|x64.ActiveCfg = Release|x64
		{8B475237-43E1-48AA-8193-12B0962638FE}.Release|x64.Build.0 = Release|x64
		{8B475237-43E1-48AA-8193-12B0962638FE}.Release|x86.ActiveCfg = Release|Win32
		{8B475237-43E1-48AA-8193-12B0962638FE}.Release|x86.Build.0 = Release|Win32
	EndGlobalSection
	GlobalSection(SolutionProperties) = preSolution
		HideSolutionNode = FALSE
	EndGlobalSection
	GlobalSection(ExtensibilityGlobals) = postSolution
		SolutionGuid = {0BEBD985-B5BF-437B-8016-3F2E87DC2804}
	EndGlobalSection
EndGlobal
